
Microsoft Visual Studio Solution File, Format Version 12.00
# Visual Studio Version 17
VisualStudioVersion = 17.8.34330.188
MinimumVisualStudioVersion = 10.0.40219.1
Project("{2150E333-8FDC-42A3-9474-1A3956D46DE8}") = "src", "src", "{CECDA88A-C916-43CC-B479-AFB0E5E32089}"
EndProject
Project("{2150E333-8FDC-42A3-9474-1A3956D46DE8}") = "Test", "Test", "{1BA89F16-3399-4794-9054-03375D71B2FF}"
EndProject
Project("{2150E333-8FDC-42A3-9474-1A3956D46DE8}") = "API", "API", "{E8C497A9-04C1-4AF0-8267-0BE0F43751FF}"
EndProject
Project("{2150E333-8FDC-42A3-9474-1A3956D46DE8}") = "Core", "Core", "{3A3E5541-48F3-4A1D-A28A-DDDBC66E0E4F}"
EndProject
Project("{2150E333-8FDC-42A3-9474-1A3956D46DE8}") = "Infrastructure", "Infrastructure", "{5D7529D5-89D4-46BC-B671-FE39506EECD4}"
EndProject
Project("{2150E333-8FDC-42A3-9474-1A3956D46DE8}") = "UI", "UI", "{02EF3FD0-121A-4717-83B4-6C394AA47069}"
EndProject
Project("{FAE04EC0-301F-11D3-BF4B-00C04F79EFBC}") = "HR.LeaveManagement.Domain", "HR.LeaveManagement.Domain\HR.LeaveManagement.Domain.csproj", "{9FBB88FA-1A64-4D56-94CF-FEDB89C5D2B1}"
EndProject
Project("{FAE04EC0-301F-11D3-BF4B-00C04F79EFBC}") = "HR.LeaveManagement.Application", "HR.LeaveManagement.Application\HR.LeaveManagement.Application.csproj", "{D0C85184-E2C5-44F0-B0A0-A660409D04C7}"
EndProject
Project("{FAE04EC0-301F-11D3-BF4B-00C04F79EFBC}") = "HR.LeaveManagement.Persistence", "HR.LeaveManagement.Persistence\HR.LeaveManagement.Persistence.csproj", "{27ECD2F0-0414-4B9D-8607-A3575029B7B1}"
EndProject
Project("{FAE04EC0-301F-11D3-BF4B-00C04F79EFBC}") = "HR.LeaveManagement.Infrastructure", "HR.LeaveManagement.Infrastructure\HR.LeaveManagement.Infrastructure.csproj", "{6A1DEDE6-1B24-4A94-A362-2013A2B88F9B}"
EndProject
Project("{FAE04EC0-301F-11D3-BF4B-00C04F79EFBC}") = "HR.LeaveManagement.Api", "HR.LeaveManagement.Api\HR.LeaveManagement.Api.csproj", "{040D6A0A-ECF3-409A-B17B-BBC61B982CBB}"
EndProject
Project("{FAE04EC0-301F-11D3-BF4B-00C04F79EFBC}") = "HR.LeaveManagement.Application.UnitTests", "HR.LeaveManagement.Application.UnitTests\HR.LeaveManagement.Application.UnitTests.csproj", "{896B664F-FF63-43A4-B860-7917E82A77FE}"
EndProject
Project("{FAE04EC0-301F-11D3-BF4B-00C04F79EFBC}") = "HR.LeaveManagement.MVC", "HR.LeaveManagement.MVC\HR.LeaveManagement.MVC.csproj", "{D7FA4A21-8740-4E0B-AC6F-BFAB77224466}"
EndProject
Project("{FAE04EC0-301F-11D3-BF4B-00C04F79EFBC}") = "HR.LeaveManagement.Identity", "HR.LeaveManagement.Identity\HR.LeaveManagement.Identity.csproj", "{6EDBF65E-94DB-4AAA-B6CB-20A8A6B89A7A}"
EndProject
Global
	GlobalSection(SolutionConfigurationPlatforms) = preSolution
		Debug|Any CPU = Debug|Any CPU
		Release|Any CPU = Release|Any CPU
	EndGlobalSection
	GlobalSection(ProjectConfigurationPlatforms) = postSolution
		{9FBB88FA-1A64-4D56-94CF-FEDB89C5D2B1}.Debug|Any CPU.ActiveCfg = Debug|Any CPU
		{9FBB88FA-1A64-4D56-94CF-FEDB89C5D2B1}.Debug|Any CPU.Build.0 = Debug|Any CPU
		{9FBB88FA-1A64-4D56-94CF-FEDB89C5D2B1}.Release|Any CPU.ActiveCfg = Release|Any CPU
		{9FBB88FA-1A64-4D56-94CF-FEDB89C5D2B1}.Release|Any CPU.Build.0 = Release|Any CPU
		{D0C85184-E2C5-44F0-B0A0-A660409D04C7}.Debug|Any CPU.ActiveCfg = Debug|Any CPU
		{D0C85184-E2C5-44F0-B0A0-A660409D04C7}.Debug|Any CPU.Build.0 = Debug|Any CPU
		{D0C85184-E2C5-44F0-B0A0-A660409D04C7}.Release|Any CPU.ActiveCfg = Release|Any CPU
		{D0C85184-E2C5-44F0-B0A0-A660409D04C7}.Release|Any CPU.Build.0 = Release|Any CPU
		{27ECD2F0-0414-4B9D-8607-A3575029B7B1}.Debug|Any CPU.ActiveCfg = Debug|Any CPU
		{27ECD2F0-0414-4B9D-8607-A3575029B7B1}.Debug|Any CPU.Build.0 = Debug|Any CPU
		{27ECD2F0-0414-4B9D-8607-A3575029B7B1}.Release|Any CPU.ActiveCfg = Release|Any CPU
		{27ECD2F0-0414-4B9D-8607-A3575029B7B1}.Release|Any CPU.Build.0 = Release|Any CPU
		{6A1DEDE6-1B24-4A94-A362-2013A2B88F9B}.Debug|Any CPU.ActiveCfg = Debug|Any CPU
		{6A1DEDE6-1B24-4A94-A362-2013A2B88F9B}.Debug|Any CPU.Build.0 = Debug|Any CPU
		{6A1DEDE6-1B24-4A94-A362-2013A2B88F9B}.Release|Any CPU.ActiveCfg = Release|Any CPU
		{6A1DEDE6-1B24-4A94-A362-2013A2B88F9B}.Release|Any CPU.Build.0 = Release|Any CPU
		{040D6A0A-ECF3-409A-B17B-BBC61B982CBB}.Debug|Any CPU.ActiveCfg = Debug|Any CPU
		{040D6A0A-ECF3-409A-B17B-BBC61B982CBB}.Debug|Any CPU.Build.0 = Debug|Any CPU
		{040D6A0A-ECF3-409A-B17B-BBC61B982CBB}.Release|Any CPU.ActiveCfg = Release|Any CPU
		{040D6A0A-ECF3-409A-B17B-BBC61B982CBB}.Release|Any CPU.Build.0 = Release|Any CPU
		{896B664F-FF63-43A4-B860-7917E82A77FE}.Debug|Any CPU.ActiveCfg = Debug|Any CPU
		{896B664F-FF63-43A4-B860-7917E82A77FE}.Debug|Any CPU.Build.0 = Debug|Any CPU
		{896B664F-FF63-43A4-B860-7917E82A77FE}.Release|Any CPU.ActiveCfg = Release|Any CPU
		{896B664F-FF63-43A4-B860-7917E82A77FE}.Release|Any CPU.Build.0 = Release|Any CPU
		{D7FA4A21-8740-4E0B-AC6F-BFAB77224466}.Debug|Any CPU.ActiveCfg = Debug|Any CPU
		{D7FA4A21-8740-4E0B-AC6F-BFAB77224466}.Debug|Any CPU.Build.0 = Debug|Any CPU
		{D7FA4A21-8740-4E0B-AC6F-BFAB77224466}.Release|Any CPU.ActiveCfg = Release|Any CPU
		{D7FA4A21-8740-4E0B-AC6F-BFAB77224466}.Release|Any CPU.Build.0 = Release|Any CPU
		{6EDBF65E-94DB-4AAA-B6CB-20A8A6B89A7A}.Debug|Any CPU.ActiveCfg = Debug|Any CPU
		{6EDBF65E-94DB-4AAA-B6CB-20A8A6B89A7A}.Debug|Any CPU.Build.0 = Debug|Any CPU
		{6EDBF65E-94DB-4AAA-B6CB-20A8A6B89A7A}.Release|Any CPU.ActiveCfg = Release|Any CPU
		{6EDBF65E-94DB-4AAA-B6CB-20A8A6B89A7A}.Release|Any CPU.Build.0 = Release|Any CPU
	EndGlobalSection
	GlobalSection(SolutionProperties) = preSolution
		HideSolutionNode = FALSE
	EndGlobalSection
	GlobalSection(NestedProjects) = preSolution
		{E8C497A9-04C1-4AF0-8267-0BE0F43751FF} = {CECDA88A-C916-43CC-B479-AFB0E5E32089}
		{3A3E5541-48F3-4A1D-A28A-DDDBC66E0E4F} = {CECDA88A-C916-43CC-B479-AFB0E5E32089}
		{5D7529D5-89D4-46BC-B671-FE39506EECD4} = {CECDA88A-C916-43CC-B479-AFB0E5E32089}
		{02EF3FD0-121A-4717-83B4-6C394AA47069} = {CECDA88A-C916-43CC-B479-AFB0E5E32089}
		{9FBB88FA-1A64-4D56-94CF-FEDB89C5D2B1} = {3A3E5541-48F3-4A1D-A28A-DDDBC66E0E4F}
		{D0C85184-E2C5-44F0-B0A0-A660409D04C7} = {3A3E5541-48F3-4A1D-A28A-DDDBC66E0E4F}
		{27ECD2F0-0414-4B9D-8607-A3575029B7B1} = {5D7529D5-89D4-46BC-B671-FE39506EECD4}
		{6A1DEDE6-1B24-4A94-A362-2013A2B88F9B} = {5D7529D5-89D4-46BC-B671-FE39506EECD4}
		{040D6A0A-ECF3-409A-B17B-BBC61B982CBB} = {E8C497A9-04C1-4AF0-8267-0BE0F43751FF}
		{896B664F-FF63-43A4-B860-7917E82A77FE} = {1BA89F16-3399-4794-9054-03375D71B2FF}
		{D7FA4A21-8740-4E0B-AC6F-BFAB77224466} = {02EF3FD0-121A-4717-83B4-6C394AA47069}
		{6EDBF65E-94DB-4AAA-B6CB-20A8A6B89A7A} = {5D7529D5-89D4-46BC-B671-FE39506EECD4}
	EndGlobalSection
	GlobalSection(ExtensibilityGlobals) = postSolution
		SolutionGuid = {28CB21D1-7935-424A-A1E9-C6905675C4BA}
	EndGlobalSection
EndGlobal
